
Microsoft Visual Studio Solution File, Format Version 12.00
# Visual Studio Version 16
VisualStudioVersion = 16.0.30517.126
MinimumVisualStudioVersion = 10.0.40219.1
Project("{FAE04EC0-301F-11D3-BF4B-00C04F79EFBC}") = "calculator", "calculator\calculator.csproj", "{953995C8-383A-4298-BD68-AAD2D4FAC57B}"
EndProject
Global
	GlobalSection(SolutionConfigurationPlatforms) = preSolution
		Debug|Any CPU = Debug|Any CPU
		Release|Any CPU = Release|Any CPU
	EndGlobalSection
	GlobalSection(ProjectConfigurationPlatforms) = postSolution
		{953995C8-383A-4298-BD68-AAD2D4FAC57B}.Debug|Any CPU.ActiveCfg = Debug|Any CPU
		{953995C8-383A-4298-BD68-AAD2D4FAC57B}.Debug|Any CPU.Build.0 = Debug|Any CPU
		{953995C8-383A-4298-BD68-AAD2D4FAC57B}.Release|Any CPU.ActiveCfg = Release|Any CPU
		{953995C8-383A-4298-BD68-AAD2D4FAC57B}.Release|Any CPU.Build.0 = Release|Any CPU
	EndGlobalSection
	GlobalSection(SolutionProperties) = preSolution
		HideSolutionNode = FALSE
	EndGlobalSection
	GlobalSection(ExtensibilityGlobals) = postSolution
		SolutionGuid = {77837AF2-7781-45C7-9BD9-214FE796DD71}
	EndGlobalSection
EndGlobal
